
Microsoft Visual Studio Solution File, Format Version 12.00
# Visual Studio Version 17
VisualStudioVersion = 17.1.31911.260
MinimumVisualStudioVersion = 10.0.40219.1
Project("{FAE04EC0-301F-11D3-BF4B-00C04F79EFBC}") = "MyProjectTemplate", "MyProjectTemplate\MyProjectTemplate.csproj", "{34D8955D-ECD5-4186-947B-A07A4BF0FC54}"
EndProject
Project("{FAE04EC0-301F-11D3-BF4B-00C04F79EFBC}") = "MyProjectWizard", "MyProjectWizard\MyProjectWizard.csproj", "{AED87FDB-6510-408B-92A0-AF6F0A68B4D2}"
EndProject
Global
	GlobalSection(SolutionConfigurationPlatforms) = preSolution
		Debug|Any CPU = Debug|Any CPU
		Debug|x86 = Debug|x86
		Release|Any CPU = Release|Any CPU
		Release|x86 = Release|x86
	EndGlobalSection
	GlobalSection(ProjectConfigurationPlatforms) = postSolution
		{34D8955D-ECD5-4186-947B-A07A4BF0FC54}.Debug|Any CPU.ActiveCfg = Debug|Any CPU
		{34D8955D-ECD5-4186-947B-A07A4BF0FC54}.Debug|Any CPU.Build.0 = Debug|Any CPU
		{34D8955D-ECD5-4186-947B-A07A4BF0FC54}.Debug|x86.ActiveCfg = Debug|x86
		{34D8955D-ECD5-4186-947B-A07A4BF0FC54}.Debug|x86.Build.0 = Debug|x86
		{34D8955D-ECD5-4186-947B-A07A4BF0FC54}.Release|Any CPU.ActiveCfg = Release|Any CPU
		{34D8955D-ECD5-4186-947B-A07A4BF0FC54}.Release|Any CPU.Build.0 = Release|Any CPU
		{34D8955D-ECD5-4186-947B-A07A4BF0FC54}.Release|x86.ActiveCfg = Release|x86
		{34D8955D-ECD5-4186-947B-A07A4BF0FC54}.Release|x86.Build.0 = Release|x86
		{AED87FDB-6510-408B-92A0-AF6F0A68B4D2}.Debug|Any CPU.ActiveCfg = Debug|Any CPU
		{AED87FDB-6510-408B-92A0-AF6F0A68B4D2}.Debug|Any CPU.Build.0 = Debug|Any CPU
		{AED87FDB-6510-408B-92A0-AF6F0A68B4D2}.Debug|x86.ActiveCfg = Debug|x86
		{AED87FDB-6510-408B-92A0-AF6F0A68B4D2}.Debug|x86.Build.0 = Debug|x86
		{AED87FDB-6510-408B-92A0-AF6F0A68B4D2}.Release|Any CPU.ActiveCfg = Release|Any CPU
		{AED87FDB-6510-408B-92A0-AF6F0A68B4D2}.Release|Any CPU.Build.0 = Release|Any CPU
		{AED87FDB-6510-408B-92A0-AF6F0A68B4D2}.Release|x86.ActiveCfg = Release|x86
		{AED87FDB-6510-408B-92A0-AF6F0A68B4D2}.Release|x86.Build.0 = Release|x86
	EndGlobalSection
	GlobalSection(SolutionProperties) = preSolution
		HideSolutionNode = FALSE
	EndGlobalSection
	GlobalSection(ExtensibilityGlobals) = postSolution
		SolutionGuid = {44118024-4DA5-4A91-95A3-DD87DD8BB534}
	EndGlobalSection
EndGlobal
